{
  "version": 4,
  "terraform_version": "1.10.3",
  "serial": 12,
  "lineage": "b45dea22-a92c-e16a-2f23-63c20cfdf46e",
  "outputs": {},
  "resources": [
    {
      "mode": "data",
      "type": "vercel_project_directory",
      "name": "react-vercel-tf-demo-dir",
      "provider": "provider[\"registry.terraform.io/vercel/vercel\"]",
      "instances": [
        {
          "schema_version": 0,
          "attributes": {
            "files": {
              "../../react-vercel-tf-demo/.github/workflows/deploy.yaml": "621~55aeb194cdb3f1a8d294993bdee209bf18033b8d",
              "../../react-vercel-tf-demo/README.md": "451~7ba371da9da205a1b4d8cc022886eb55a9c743ba",
              "../../react-vercel-tf-demo/deploy/local.tfvars": "46~ca132ed27cf6fc46e156dc7c1176831f5898f387",
              "../../react-vercel-tf-demo/deploy/main.tf": "856~ea5b1a5c9836e785433863f126968e7143428a9c",
              "../../react-vercel-tf-demo/deploy/provider.tf": "56~49b12147f164c59d75c6b4f2922202874e78e4f3",
              "../../react-vercel-tf-demo/deploy/variable.tf": "115~9e17438b5e820f074e319237b7395daec97abbf9",
              "../../react-vercel-tf-demo/eslint.config.js": "1003~3cec0db08c8a3f7cdf8a0ed8d1cf91aa1ffb161a",
              "../../react-vercel-tf-demo/index.html": "361~2dc3e3cad9c1dae82dcd0433e8dbbbf405a35917",
              "../../react-vercel-tf-demo/package.json": "656~02da61d1af29d5f8a19745adb2acf9576571ee13",
              "../../react-vercel-tf-demo/public/vite.svg": "1497~f7f39d7237b791a945d52a5cd7a8fb365f313366",
              "../../react-vercel-tf-demo/src/App.css": "606~72aea15a68732806cfd9663d29483a3f8fb5a831",
              "../../react-vercel-tf-demo/src/App.jsx": "903~e01c73ccabaaa219c912b73a0ae9e5169fab4560",
              "../../react-vercel-tf-demo/src/assets/react.svg": "4126~f505ddc8ebe56bdc51efb721ef04923a8d3068dd",
              "../../react-vercel-tf-demo/src/index.css": "1161~a7f656fcad4faf4a9fe6a55b2353267f191dda7d",
              "../../react-vercel-tf-demo/src/main.jsx": "229~143cd7859c0fec24a24bf4fefb4c7ff6fa5acba3",
              "../../react-vercel-tf-demo/vite.config.js": "161~2eaa6199953a3624601a25e1158fa4a21d9188a0",
              "../../react-vercel-tf-demo/yarn.lock": "105085~b6a94ea738593c89a6534d0572e4d204a4516205"
            },
            "id": "../../react-vercel-tf-demo",
            "path": "../../react-vercel-tf-demo"
          },
          "sensitive_attributes": []
        }
      ]
    },
    {
      "mode": "managed",
      "type": "vercel_deployment",
      "name": "react-vercel-tf-deployment",
      "provider": "provider[\"registry.terraform.io/vercel/vercel\"]",
      "instances": [
        {
          "schema_version": 0,
          "attributes": {
            "delete_on_destroy": null,
            "domains": [
              "react-vercel-tf.vercel.app",
              "react-vercel-tf-demo.vercel.app",
              "react-vercel-tf-demo-trungtmnguyen.vercel.app",
              "react-vercel-tf-demo-trungntm-trungtmnguyen.vercel.app"
            ],
            "environment": null,
            "files": {
              "../../react-vercel-tf-demo/.github/workflows/deploy.yaml": "621~55aeb194cdb3f1a8d294993bdee209bf18033b8d",
              "../../react-vercel-tf-demo/README.md": "451~7ba371da9da205a1b4d8cc022886eb55a9c743ba",
              "../../react-vercel-tf-demo/deploy/local.tfvars": "46~ca132ed27cf6fc46e156dc7c1176831f5898f387",
              "../../react-vercel-tf-demo/deploy/main.tf": "856~ea5b1a5c9836e785433863f126968e7143428a9c",
              "../../react-vercel-tf-demo/deploy/provider.tf": "56~49b12147f164c59d75c6b4f2922202874e78e4f3",
              "../../react-vercel-tf-demo/deploy/variable.tf": "115~9e17438b5e820f074e319237b7395daec97abbf9",
              "../../react-vercel-tf-demo/eslint.config.js": "1003~3cec0db08c8a3f7cdf8a0ed8d1cf91aa1ffb161a",
              "../../react-vercel-tf-demo/index.html": "361~2dc3e3cad9c1dae82dcd0433e8dbbbf405a35917",
              "../../react-vercel-tf-demo/package.json": "656~02da61d1af29d5f8a19745adb2acf9576571ee13",
              "../../react-vercel-tf-demo/public/vite.svg": "1497~f7f39d7237b791a945d52a5cd7a8fb365f313366",
              "../../react-vercel-tf-demo/src/App.css": "606~72aea15a68732806cfd9663d29483a3f8fb5a831",
              "../../react-vercel-tf-demo/src/App.jsx": "903~e01c73ccabaaa219c912b73a0ae9e5169fab4560",
              "../../react-vercel-tf-demo/src/assets/react.svg": "4126~f505ddc8ebe56bdc51efb721ef04923a8d3068dd",
              "../../react-vercel-tf-demo/src/index.css": "1161~a7f656fcad4faf4a9fe6a55b2353267f191dda7d",
              "../../react-vercel-tf-demo/src/main.jsx": "229~143cd7859c0fec24a24bf4fefb4c7ff6fa5acba3",
              "../../react-vercel-tf-demo/vite.config.js": "161~2eaa6199953a3624601a25e1158fa4a21d9188a0",
              "../../react-vercel-tf-demo/yarn.lock": "105085~b6a94ea738593c89a6534d0572e4d204a4516205"
            },
            "id": "dpl_EXAi24DvKziXNgDeCFG8FtUhmMni",
            "path_prefix": "../../react-vercel-tf-demo",
            "production": true,
            "project_id": "prj_xjhAhymqT5fKJpleRH5qQLDFqsXh",
            "project_settings": null,
            "ref": null,
            "team_id": null,
            "url": "react-vercel-tf-demo-j0798qgus-trungtmnguyen.vercel.app"
          },
          "sensitive_attributes": [],
          "dependencies": [
            "data.vercel_project_directory.react-vercel-tf-demo-dir",
            "vercel_project.react-vercel-tf"
          ]
        }
      ]
    },
    {
      "mode": "managed",
      "type": "vercel_project",
      "name": "react-vercel-tf",
      "provider": "provider[\"registry.terraform.io/vercel/vercel\"]",
      "instances": [
        {
          "schema_version": 0,
          "attributes": {
            "build_command": null,
            "dev_command": null,
            "environment": null,
            "framework": "vite",
            "git_repository": {
              "production_branch": "master",
              "repo": "trungntm/react-vercel-tf-demo",
              "type": "github"
            },
            "id": "prj_xjhAhymqT5fKJpleRH5qQLDFqsXh",
            "ignore_command": null,
            "install_command": null,
            "name": "react-vercel-tf-demo",
            "output_directory": null,
            "password_protection": null,
            "protection_bypass_for_automation": null,
            "protection_bypass_for_automation_secret": null,
            "public_source": null,
            "root_directory": null,
            "serverless_function_region": null,
            "team_id": "trungtmnguyen",
            "vercel_authentication": {
              "protect_production": false
            }
          },
          "sensitive_attributes": []
        }
      ]
    },
    {
      "mode": "managed",
      "type": "vercel_project_domain",
      "name": "react-vercel-tf-domain",
      "provider": "provider[\"registry.terraform.io/vercel/vercel\"]",
      "instances": [
        {
          "schema_version": 0,
          "attributes": {
            "domain": "react-vercel-tf.vercel.app",
            "git_branch": null,
            "id": "react-vercel-tf.vercel.app",
            "project_id": "prj_xjhAhymqT5fKJpleRH5qQLDFqsXh",
            "redirect": null,
            "redirect_status_code": null,
            "team_id": null
          },
          "sensitive_attributes": [],
          "dependencies": [
            "vercel_project.react-vercel-tf"
          ]
        }
      ]
    }
  ],
  "check_results": null
}
